
Microsoft Visual Studio Solution File, Format Version 11.00
# Visual C++ Express 2010
Project("{8BC9CEB8-8B4A-11D0-8D11-00A0C91BC942}") = "Switch Practice", "Switch Practice\Switch Practice.vcxproj", "{BCB12BA2-6616-48A2-8B56-7B327BB2881C}"
EndProject
Global
	GlobalSection(SolutionConfigurationPlatforms) = preSolution
		Debug|Win32 = Debug|Win32
		Release|Win32 = Release|Win32
	EndGlobalSection
	GlobalSection(ProjectConfigurationPlatforms) = postSolution
		{BCB12BA2-6616-48A2-8B56-7B327BB2881C}.Debug|Win32.ActiveCfg = Debug|Win32
		{BCB12BA2-6616-48A2-8B56-7B327BB2881C}.Debug|Win32.Build.0 = Debug|Win32
		{BCB12BA2-6616-48A2-8B56-7B327BB2881C}.Release|Win32.ActiveCfg = Release|Win32
		{BCB12BA2-6616-48A2-8B56-7B327BB2881C}.Release|Win32.Build.0 = Release|Win32
	EndGlobalSection
	GlobalSection(SolutionProperties) = preSolution
		HideSolutionNode = FALSE
	EndGlobalSection
EndGlobal
